
Microsoft Visual Studio Solution File, Format Version 10.00
# Visual Studio 2008
Project("{8BC9CEB8-8B4A-11D0-8D11-00A0C91BC942}") = "T06DETG", "T06DETG.vcproj", "{74DB399E-E626-49C3-823E-8EDC90D8C367}"
EndProject
Global
	GlobalSection(SolutionConfigurationPlatforms) = preSolution
		Debug|Win32 = Debug|Win32
		Release|Win32 = Release|Win32
	EndGlobalSection
	GlobalSection(ProjectConfigurationPlatforms) = postSolution
		{74DB399E-E626-49C3-823E-8EDC90D8C367}.Debug|Win32.ActiveCfg = Debug|Win32
		{74DB399E-E626-49C3-823E-8EDC90D8C367}.Debug|Win32.Build.0 = Debug|Win32
		{74DB399E-E626-49C3-823E-8EDC90D8C367}.Release|Win32.ActiveCfg = Release|Win32
		{74DB399E-E626-49C3-823E-8EDC90D8C367}.Release|Win32.Build.0 = Release|Win32
	EndGlobalSection
	GlobalSection(SolutionProperties) = preSolution
		HideSolutionNode = FALSE
	EndGlobalSection
EndGlobal
